{
    "_meta": {
        "hash": {
            "sha256": "515c8814b914acb2c68e35aba8881c5f8d009ab829a656df13df81933d3df044"
        },
        "pipfile-spec": 6,
        "requires": {
            "python_version": "3.6"
        },
        "sources": [
            {
                "name": "pypi",
                "url": "https://pypi.org/simple",
                "verify_ssl": true
            }
        ]
    },
    "default": {
        "a571e24": {
            "editable": true,
            "path": "./py-genl"
        }
    },
    "develop": {}
}
